
Microsoft Visual Studio Solution File, Format Version 12.00
# Visual Studio Version 16
VisualStudioVersion = 16.0.30114.105
MinimumVisualStudioVersion = 10.0.40219.1
Project("{FAE04EC0-301F-11D3-BF4B-00C04F79EFBC}") = "ProyectoVectores", "ProyectoVectores\ProyectoVectores.csproj", "{7E948EC7-C345-42D2-AB77-0F85AB270A29}"
EndProject
Global
	GlobalSection(SolutionConfigurationPlatforms) = preSolution
		Debug|Any CPU = Debug|Any CPU
		Release|Any CPU = Release|Any CPU
	EndGlobalSection
	GlobalSection(ProjectConfigurationPlatforms) = postSolution
		{7E948EC7-C345-42D2-AB77-0F85AB270A29}.Debug|Any CPU.ActiveCfg = Debug|Any CPU
		{7E948EC7-C345-42D2-AB77-0F85AB270A29}.Debug|Any CPU.Build.0 = Debug|Any CPU
		{7E948EC7-C345-42D2-AB77-0F85AB270A29}.Release|Any CPU.ActiveCfg = Release|Any CPU
		{7E948EC7-C345-42D2-AB77-0F85AB270A29}.Release|Any CPU.Build.0 = Release|Any CPU
	EndGlobalSection
	GlobalSection(SolutionProperties) = preSolution
		HideSolutionNode = FALSE
	EndGlobalSection
	GlobalSection(ExtensibilityGlobals) = postSolution
		SolutionGuid = {32B9C799-5AF4-4DD8-8D2E-44937EA744B7}
	EndGlobalSection
EndGlobal
